# This file is automatically @generated by Cargo.
# It is not intended for manual editing.
version = 4

[[package]]
name = "netx"
version = "0.0.1"
dependencies = [
 "netx-config",
 "netx-core",
 "netx-ipc",
]

[[package]]
name = "netx-config"
version = "0.0.1"
dependencies = [
 "netx-core",
]

[[package]]
name = "netx-core"
version = "0.0.1"

[[package]]
name = "netx-ctl"
version = "0.0.1"
dependencies = [
 "netx-core",
 "netx-ipc",
]

[[package]]
name = "netx-daemon"
version = "0.0.1"
dependencies = [
 "netx-config",
 "netx-core",
 "netx-ipc",
]

[[package]]
name = "netx-ipc"
version = "0.0.1"
dependencies = [
 "netx-core",
]
